
Microsoft Visual Studio Solution File, Format Version 12.00
# Visual Studio Version 16
VisualStudioVersion = 16.0.30406.217
MinimumVisualStudioVersion = 10.0.40219.1
Project("{FAE04EC0-301F-11D3-BF4B-00C04F79EFBC}") = "StockManager", "StockManager\StockManager.csproj", "{11D12FD3-98F5-46A0-A7C4-C00841255D4D}"
EndProject
Global
	GlobalSection(SolutionConfigurationPlatforms) = preSolution
		Debug|Any CPU = Debug|Any CPU
		Release|Any CPU = Release|Any CPU
	EndGlobalSection
	GlobalSection(ProjectConfigurationPlatforms) = postSolution
		{11D12FD3-98F5-46A0-A7C4-C00841255D4D}.Debug|Any CPU.ActiveCfg = Debug|Any CPU
		{11D12FD3-98F5-46A0-A7C4-C00841255D4D}.Debug|Any CPU.Build.0 = Debug|Any CPU
		{11D12FD3-98F5-46A0-A7C4-C00841255D4D}.Release|Any CPU.ActiveCfg = Release|Any CPU
		{11D12FD3-98F5-46A0-A7C4-C00841255D4D}.Release|Any CPU.Build.0 = Release|Any CPU
	EndGlobalSection
	GlobalSection(SolutionProperties) = preSolution
		HideSolutionNode = FALSE
	EndGlobalSection
	GlobalSection(ExtensibilityGlobals) = postSolution
		SolutionGuid = {BDB571D9-C0B1-4157-856A-719AFA7F9A88}
	EndGlobalSection
EndGlobal
